PODS:
  - Alamofire (5.10.2)
  - SwiftyJSON (5.0.2)

DEPENDENCIES:
  - Alamofire (~> 5.10.2)
  - SwiftyJSON

SPEC REPOS:
  trunk:
    - Alamofire
    - SwiftyJSON

SPEC CHECKSUMS:
  Alamofire: 7193b3b92c74a07f85569e1a6c4f4237291e7496
  SwiftyJSON: f5b1bf1cd8dd53cd25887ac0eabcfd92301c6a5a

PODFILE CHECKSUM: ea7e1e93921ba2ec0551e462e580576016333cdb

COCOAPODS: 1.16.2
